
Microsoft Visual Studio Solution File, Format Version 12.00
# Visual Studio Version 17
VisualStudioVersion = 17.7.34024.191
MinimumVisualStudioVersion = 10.0.40219.1
Project("{FAE04EC0-301F-11D3-BF4B-00C04F79EFBC}") = "OOP2", "OOP2.csproj", "{C53CED43-FA2B-4497-B607-5B374C1AE82F}"
EndProject
Global
	GlobalSection(SolutionConfigurationPlatforms) = preSolution
		Debug|Any CPU = Debug|Any CPU
		Release|Any CPU = Release|Any CPU
	EndGlobalSection
	GlobalSection(ProjectConfigurationPlatforms) = postSolution
		{C53CED43-FA2B-4497-B607-5B374C1AE82F}.Debug|Any CPU.ActiveCfg = Debug|Any CPU
		{C53CED43-FA2B-4497-B607-5B374C1AE82F}.Debug|Any CPU.Build.0 = Debug|Any CPU
		{C53CED43-FA2B-4497-B607-5B374C1AE82F}.Release|Any CPU.ActiveCfg = Release|Any CPU
		{C53CED43-FA2B-4497-B607-5B374C1AE82F}.Release|Any CPU.Build.0 = Release|Any CPU
	EndGlobalSection
	GlobalSection(SolutionProperties) = preSolution
		HideSolutionNode = FALSE
	EndGlobalSection
	GlobalSection(ExtensibilityGlobals) = postSolution
		SolutionGuid = {3C88EA68-DAE3-4A22-974A-B9D789D59CCB}
	EndGlobalSection
EndGlobal
